
Microsoft Visual Studio Solution File, Format Version 12.00
# Visual Studio Version 17
VisualStudioVersion = 17.10.35027.167
MinimumVisualStudioVersion = 10.0.40219.1
Project("{9A19103F-16F7-4668-BE54-9A1E7A4F7556}") = "Open_TK", "Open_TK.csproj", "{B05AB4E7-167E-45ED-A965-451548E06E4F}"
EndProject
Global
	GlobalSection(SolutionConfigurationPlatforms) = preSolution
		Debug|Any CPU = Debug|Any CPU
		Debug|x86 = Debug|x86
		Release|Any CPU = Release|Any CPU
		Release|x86 = Release|x86
	EndGlobalSection
	GlobalSection(ProjectConfigurationPlatforms) = postSolution
		{B05AB4E7-167E-45ED-A965-451548E06E4F}.Debug|Any CPU.ActiveCfg = Debug|Any CPU
		{B05AB4E7-167E-45ED-A965-451548E06E4F}.Debug|Any CPU.Build.0 = Debug|Any CPU
		{B05AB4E7-167E-45ED-A965-451548E06E4F}.Debug|x86.ActiveCfg = Debug|Any CPU
		{B05AB4E7-167E-45ED-A965-451548E06E4F}.Debug|x86.Build.0 = Debug|Any CPU
		{B05AB4E7-167E-45ED-A965-451548E06E4F}.Release|Any CPU.ActiveCfg = Release|Any CPU
		{B05AB4E7-167E-45ED-A965-451548E06E4F}.Release|Any CPU.Build.0 = Release|Any CPU
		{B05AB4E7-167E-45ED-A965-451548E06E4F}.Release|x86.ActiveCfg = Release|x86
		{B05AB4E7-167E-45ED-A965-451548E06E4F}.Release|x86.Build.0 = Release|x86
	EndGlobalSection
	GlobalSection(SolutionProperties) = preSolution
		HideSolutionNode = FALSE
	EndGlobalSection
	GlobalSection(ExtensibilityGlobals) = postSolution
		SolutionGuid = {6266B4C1-23D9-44DA-9ED5-F5A73DBEBEB4}
	EndGlobalSection
EndGlobal
